
Microsoft Visual Studio Solution File, Format Version 12.00
# Visual Studio Version 17
VisualStudioVersion = 17.3.32901.215
MinimumVisualStudioVersion = 10.0.40219.1
Project("{FAE04EC0-301F-11D3-BF4B-00C04F79EFBC}") = "RecurseMet", "RecurseMet\RecurseMet.csproj", "{388A25D6-2A27-44F6-9ED1-31F0F0BF4EB7}"
EndProject
Global
	GlobalSection(SolutionConfigurationPlatforms) = preSolution
		Debug|Any CPU = Debug|Any CPU
		Release|Any CPU = Release|Any CPU
	EndGlobalSection
	GlobalSection(ProjectConfigurationPlatforms) = postSolution
		{388A25D6-2A27-44F6-9ED1-31F0F0BF4EB7}.Debug|Any CPU.ActiveCfg = Debug|Any CPU
		{388A25D6-2A27-44F6-9ED1-31F0F0BF4EB7}.Debug|Any CPU.Build.0 = Debug|Any CPU
		{388A25D6-2A27-44F6-9ED1-31F0F0BF4EB7}.Release|Any CPU.ActiveCfg = Release|Any CPU
		{388A25D6-2A27-44F6-9ED1-31F0F0BF4EB7}.Release|Any CPU.Build.0 = Release|Any CPU
	EndGlobalSection
	GlobalSection(SolutionProperties) = preSolution
		HideSolutionNode = FALSE
	EndGlobalSection
	GlobalSection(ExtensibilityGlobals) = postSolution
		SolutionGuid = {7CC9EFE5-3BCD-44F9-9D01-A06D2ABDE158}
	EndGlobalSection
EndGlobal
